
Microsoft Visual Studio Solution File, Format Version 12.00
# Visual Studio 15
VisualStudioVersion = 15.0.26730.12
MinimumVisualStudioVersion = 10.0.40219.1
Project("{FAE04EC0-301F-11D3-BF4B-00C04F79EFBC}") = "CustomNavigationBarSample.Android", "CustomNavigationBarSample.Android\CustomNavigationBarSample.Android.csproj", "{6B94F8A4-A80D-4765-AE3A-69FFA080E18F}"
EndProject
Project("{FAE04EC0-301F-11D3-BF4B-00C04F79EFBC}") = "CustomNavigationBarSample", "CustomNavigationBarSample\CustomNavigationBarSample.csproj", "{552B83D3-223E-4BFB-A758-404C249102AF}"
EndProject
Project("{FAE04EC0-301F-11D3-BF4B-00C04F79EFBC}") = "CustomNavigationBarSample.iOS", "CustomNavigationBarSample.iOS\CustomNavigationBarSample.iOS.csproj", "{84ED5E5E-FD31-4DD5-98CC-131BA0BDED03}"
EndProject
Global
	GlobalSection(SolutionConfigurationPlatforms) = preSolution
		Ad-Hoc|Any CPU = Ad-Hoc|Any CPU
		Ad-Hoc|iPhone = Ad-Hoc|iPhone
		Ad-Hoc|iPhoneSimulator = Ad-Hoc|iPhoneSimulator
		AppStore|Any CPU = AppStore|Any CPU
		AppStore|iPhone = AppStore|iPhone
		AppStore|iPhoneSimulator = AppStore|iPhoneSimulator
		Debug|Any CPU = Debug|Any CPU
		Debug|iPhone = Debug|iPhone
		Debug|iPhoneSimulator = Debug|iPhoneSimulator
		Release|Any CPU = Release|Any CPU
		Release|iPhone = Release|iPhone
		Release|iPhoneSimulator = Release|iPhoneSimulator
	EndGlobalSection
	GlobalSection(ProjectConfigurationPlatforms) = postSolution
		{6B94F8A4-A80D-4765-AE3A-69FFA080E18F}.Ad-Hoc|Any CPU.ActiveCfg = Release|Any CPU
		{6B94F8A4-A80D-4765-AE3A-69FFA080E18F}.Ad-Hoc|Any CPU.Build.0 = Release|Any CPU
		{6B94F8A4-A80D-4765-AE3A-69FFA080E18F}.Ad-Hoc|Any CPU.Deploy.0 = Release|Any CPU
		{6B94F8A4-A80D-4765-AE3A-69FFA080E18F}.Ad-Hoc|iPhone.ActiveCfg = Release|Any CPU
		{6B94F8A4-A80D-4765-AE3A-69FFA080E18F}.Ad-Hoc|iPhone.Build.0 = Release|Any CPU
		{6B94F8A4-A80D-4765-AE3A-69FFA080E18F}.Ad-Hoc|iPhone.Deploy.0 = Release|Any CPU
		{6B94F8A4-A80D-4765-AE3A-69FFA080E18F}.Ad-Hoc|iPhoneSimulator.ActiveCfg = Release|Any CPU
		{6B94F8A4-A80D-4765-AE3A-69FFA080E18F}.Ad-Hoc|iPhoneSimulator.Build.0 = Release|Any CPU
		{6B94F8A4-A80D-4765-AE3A-69FFA080E18F}.Ad-Hoc|iPhoneSimulator.Deploy.0 = Release|Any CPU
		{6B94F8A4-A80D-4765-AE3A-69FFA080E18F}.AppStore|Any CPU.ActiveCfg = Release|Any CPU
		{6B94F8A4-A80D-4765-AE3A-69FFA080E18F}.AppStore|Any CPU.Build.0 = Release|Any CPU
		{6B94F8A4-A80D-4765-AE3A-69FFA080E18F}.AppStore|Any CPU.Deploy.0 = Release|Any CPU
		{6B94F8A4-A80D-4765-AE3A-69FFA080E18F}.AppStore|iPhone.ActiveCfg = Release|Any CPU
		{6B94F8A4-A80D-4765-AE3A-69FFA080E18F}.AppStore|iPhone.Build.0 = Release|Any CPU
		{6B94F8A4-A80D-4765-AE3A-69FFA080E18F}.AppStore|iPhone.Deploy.0 = Release|Any CPU
		{6B94F8A4-A80D-4765-AE3A-69FFA080E18F}.AppStore|iPhoneSimulator.ActiveCfg = Release|Any CPU
		{6B94F8A4-A80D-4765-AE3A-69FFA080E18F}.AppStore|iPhoneSimulator.Build.0 = Release|Any CPU
		{6B94F8A4-A80D-4765-AE3A-69FFA080E18F}.AppStore|iPhoneSimulator.Deploy.0 = Release|Any CPU
		{6B94F8A4-A80D-4765-AE3A-69FFA080E18F}.Debug|Any CPU.ActiveCfg = Debug|Any CPU
		{6B94F8A4-A80D-4765-AE3A-69FFA080E18F}.Debug|Any CPU.Build.0 = Debug|Any CPU
		{6B94F8A4-A80D-4765-AE3A-69FFA080E18F}.Debug|Any CPU.Deploy.0 = Debug|Any CPU
		{6B94F8A4-A80D-4765-AE3A-69FFA080E18F}.Debug|iPhone.ActiveCfg = Debug|Any CPU
		{6B94F8A4-A80D-4765-AE3A-69FFA080E18F}.Debug|iPhone.Build.0 = Debug|Any CPU
		{6B94F8A4-A80D-4765-AE3A-69FFA080E18F}.Debug|iPhone.Deploy.0 = Debug|Any CPU
		{6B94F8A4-A80D-4765-AE3A-69FFA080E18F}.Debug|iPhoneSimulator.ActiveCfg = Debug|Any CPU
		{6B94F8A4-A80D-4765-AE3A-69FFA080E18F}.Debug|iPhoneSimulator.Build.0 = Debug|Any CPU
		{6B94F8A4-A80D-4765-AE3A-69FFA080E18F}.Debug|iPhoneSimulator.Deploy.0 = Debug|Any CPU
		{6B94F8A4-A80D-4765-AE3A-69FFA080E18F}.Release|Any CPU.ActiveCfg = Release|Any CPU
		{6B94F8A4-A80D-4765-AE3A-69FFA080E18F}.Release|Any CPU.Build.0 = Release|Any CPU
		{6B94F8A4-A80D-4765-AE3A-69FFA080E18F}.Release|Any CPU.Deploy.0 = Release|Any CPU
		{6B94F8A4-A80D-4765-AE3A-69FFA080E18F}.Release|iPhone.ActiveCfg = Release|Any CPU
		{6B94F8A4-A80D-4765-AE3A-69FFA080E18F}.Release|iPhone.Build.0 = Release|Any CPU
		{6B94F8A4-A80D-4765-AE3A-69FFA080E18F}.Release|iPhone.Deploy.0 = Release|Any CPU
		{6B94F8A4-A80D-4765-AE3A-69FFA080E18F}.Release|iPhoneSimulator.ActiveCfg = Release|Any CPU
		{6B94F8A4-A80D-4765-AE3A-69FFA080E18F}.Release|iPhoneSimulator.Build.0 = Release|Any CPU
		{6B94F8A4-A80D-4765-AE3A-69FFA080E18F}.Release|iPhoneSimulator.Deploy.0 = Release|Any CPU
		{552B83D3-223E-4BFB-A758-404C249102AF}.Ad-Hoc|Any CPU.ActiveCfg = Release|Any CPU
		{552B83D3-223E-4BFB-A758-404C249102AF}.Ad-Hoc|Any CPU.Build.0 = Release|Any CPU
		{552B83D3-223E-4BFB-A758-404C249102AF}.Ad-Hoc|iPhone.ActiveCfg = Release|Any CPU
		{552B83D3-223E-4BFB-A758-404C249102AF}.Ad-Hoc|iPhone.Build.0 = Release|Any CPU
		{552B83D3-223E-4BFB-A758-404C249102AF}.Ad-Hoc|iPhoneSimulator.ActiveCfg = Release|Any CPU
		{552B83D3-223E-4BFB-A758-404C249102AF}.Ad-Hoc|iPhoneSimulator.Build.0 = Release|Any CPU
		{552B83D3-223E-4BFB-A758-404C249102AF}.AppStore|Any CPU.ActiveCfg = Release|Any CPU
		{552B83D3-223E-4BFB-A758-404C249102AF}.AppStore|Any CPU.Build.0 = Release|Any CPU
		{552B83D3-223E-4BFB-A758-404C249102AF}.AppStore|iPhone.ActiveCfg = Release|Any CPU
		{552B83D3-223E-4BFB-A758-404C249102AF}.AppStore|iPhone.Build.0 = Release|Any CPU
		{552B83D3-223E-4BFB-A758-404C249102AF}.AppStore|iPhoneSimulator.ActiveCfg = Release|Any CPU
		{552B83D3-223E-4BFB-A758-404C249102AF}.AppStore|iPhoneSimulator.Build.0 = Release|Any CPU
		{552B83D3-223E-4BFB-A758-404C249102AF}.Debug|Any CPU.ActiveCfg = Debug|Any CPU
		{552B83D3-223E-4BFB-A758-404C249102AF}.Debug|Any CPU.Build.0 = Debug|Any CPU
		{552B83D3-223E-4BFB-A758-404C249102AF}.Debug|iPhone.ActiveCfg = Debug|Any CPU
		{552B83D3-223E-4BFB-A758-404C249102AF}.Debug|iPhone.Build.0 = Debug|Any CPU
		{552B83D3-223E-4BFB-A758-404C249102AF}.Debug|iPhoneSimulator.ActiveCfg = Debug|Any CPU
		{552B83D3-223E-4BFB-A758-404C249102AF}.Debug|iPhoneSimulator.Build.0 = Debug|Any CPU
		{552B83D3-223E-4BFB-A758-404C249102AF}.Release|Any CPU.ActiveCfg = Release|Any CPU
		{552B83D3-223E-4BFB-A758-404C249102AF}.Release|Any CPU.Build.0 = Release|Any CPU
		{552B83D3-223E-4BFB-A758-404C249102AF}.Release|iPhone.ActiveCfg = Release|Any CPU
		{552B83D3-223E-4BFB-A758-404C249102AF}.Release|iPhone.Build.0 = Release|Any CPU
		{552B83D3-223E-4BFB-A758-404C249102AF}.Release|iPhoneSimulator.ActiveCfg = Release|Any CPU
		{552B83D3-223E-4BFB-A758-404C249102AF}.Release|iPhoneSimulator.Build.0 = Release|Any CPU
		{84ED5E5E-FD31-4DD5-98CC-131BA0BDED03}.Ad-Hoc|Any CPU.ActiveCfg = Ad-Hoc|iPhone
		{84ED5E5E-FD31-4DD5-98CC-131BA0BDED03}.Ad-Hoc|iPhone.ActiveCfg = Ad-Hoc|iPhone
		{84ED5E5E-FD31-4DD5-98CC-131BA0BDED03}.Ad-Hoc|iPhone.Build.0 = Ad-Hoc|iPhone
		{84ED5E5E-FD31-4DD5-98CC-131BA0BDED03}.Ad-Hoc|iPhoneSimulator.ActiveCfg = Ad-Hoc|iPhoneSimulator
		{84ED5E5E-FD31-4DD5-98CC-131BA0BDED03}.Ad-Hoc|iPhoneSimulator.Build.0 = Ad-Hoc|iPhoneSimulator
		{84ED5E5E-FD31-4DD5-98CC-131BA0BDED03}.AppStore|Any CPU.ActiveCfg = AppStore|iPhone
		{84ED5E5E-FD31-4DD5-98CC-131BA0BDED03}.AppStore|iPhone.ActiveCfg = AppStore|iPhone
		{84ED5E5E-FD31-4DD5-98CC-131BA0BDED03}.AppStore|iPhone.Build.0 = AppStore|iPhone
		{84ED5E5E-FD31-4DD5-98CC-131BA0BDED03}.AppStore|iPhoneSimulator.ActiveCfg = AppStore|iPhoneSimulator
		{84ED5E5E-FD31-4DD5-98CC-131BA0BDED03}.AppStore|iPhoneSimulator.Build.0 = AppStore|iPhoneSimulator
		{84ED5E5E-FD31-4DD5-98CC-131BA0BDED03}.Debug|Any CPU.ActiveCfg = Debug|iPhone
		{84ED5E5E-FD31-4DD5-98CC-131BA0BDED03}.Debug|iPhone.ActiveCfg = Debug|iPhone
		{84ED5E5E-FD31-4DD5-98CC-131BA0BDED03}.Debug|iPhone.Build.0 = Debug|iPhone
		{84ED5E5E-FD31-4DD5-98CC-131BA0BDED03}.Debug|iPhoneSimulator.ActiveCfg = Debug|iPhoneSimulator
		{84ED5E5E-FD31-4DD5-98CC-131BA0BDED03}.Debug|iPhoneSimulator.Build.0 = Debug|iPhoneSimulator
		{84ED5E5E-FD31-4DD5-98CC-131BA0BDED03}.Release|Any CPU.ActiveCfg = Release|iPhone
		{84ED5E5E-FD31-4DD5-98CC-131BA0BDED03}.Release|iPhone.ActiveCfg = Release|iPhone
		{84ED5E5E-FD31-4DD5-98CC-131BA0BDED03}.Release|iPhone.Build.0 = Release|iPhone
		{84ED5E5E-FD31-4DD5-98CC-131BA0BDED03}.Release|iPhoneSimulator.ActiveCfg = Release|iPhoneSimulator
		{84ED5E5E-FD31-4DD5-98CC-131BA0BDED03}.Release|iPhoneSimulator.Build.0 = Release|iPhoneSimulator
	EndGlobalSection
	GlobalSection(SolutionProperties) = preSolution
		HideSolutionNode = FALSE
	EndGlobalSection
	GlobalSection(ExtensibilityGlobals) = postSolution
		SolutionGuid = {E8876259-2F08-436A-AD0E-E1214EA9CE56}
	EndGlobalSection
EndGlobal
